# This file is autogenerated, do not edit; changes may be undone by the next 'dep ensure'.


[[projects]]
  branch = "master"
  name = "github.com/OpenPeeDeeP/depguard"
  packages = ["."]
  revision = "a69c782687b207067fa0e371408bb18f38e1355f"

[[projects]]
  name = "github.com/alecthomas/kong"
  packages = ["."]
  revision = "119a0d115be5417a31583d539f7e5010ce490557"
  version = "v0.1.9"

[[projects]]
  name = "github.com/davecgh/go-spew"
  packages = ["spew"]
  revision = "8991bc29aa16c548c550c7ff78260e27b9ab7c73"
  version = "v1.1.1"

[[projects]]
  branch = "master"
  name = "github.com/dnaeon/go-vcr"
  packages = [
    "cassette",
    "recorder"
  ]
  revision = "5637cf3d8a31b20882d79bd0e53a186d3821b155"

[[projects]]
  name = "github.com/fatih/color"
  packages = ["."]
  revision = "5b77d2a35fb0ede96d138fc9a99f5c9b6aef11b4"
  version = "v1.7.0"

[[projects]]
  name = "github.com/fatih/structtag"
  packages = ["."]
  revision = "76ae1d6d2117609598c7d4e8f3e938145f204e8f"
  version = "v1.0.0"

[[projects]]
  name = "github.com/fsnotify/fsnotify"
  packages = ["."]
  revision = "c2828203cd70a50dcccfb2761f8b1f8ceef9a8e9"
  version = "v1.4.7"

[[projects]]
  name = "github.com/gobwas/glob"
  packages = [
    ".",
    "compiler",
    "match",
    "syntax",
    "syntax/ast",
    "syntax/lexer",
    "util/runes",
    "util/strings"
  ]
  revision = "5ccd90ef52e1e632236f7326478d4faa74f99438"
  version = "v0.2.3"

[[projects]]
  name = "github.com/gogo/protobuf"
  packages = ["proto"]
  revision = "636bf0302bc95575d69441b25a2603156ffdddf1"
  version = "v1.1.1"

[[projects]]
  name = "github.com/golang/mock"
  packages = ["gomock"]
  revision = "c34cdb4725f4c3844d095133c6e40e448b86589b"
  version = "v1.1.1"

[[projects]]
  name = "github.com/golang/protobuf"
  packages = ["proto"]
  revision = "aa810b61a9c79d51363740d207bb46cf8e620ed5"
  version = "v1.2.0"

[[projects]]
  branch = "master"
  name = "github.com/golangci/check"
  packages = [
    "cmd/structcheck",
    "cmd/varcheck"
  ]
  revision = "cfe4005ccda277a820149d44d6ededc400cc99a2"

[[projects]]
  branch = "master"
  name = "github.com/golangci/dupl"
  packages = [
    ".",
    "job",
    "printer",
    "suffixtree",
    "syntax",
    "syntax/golang"
  ]
  revision = "3e9179ac440a0386ac7cc9a085fc44397c6b9bbc"

[[projects]]
  branch = "master"
  name = "github.com/golangci/errcheck"
  packages = [
    "golangci",
    "internal/errcheck"
  ]
  revision = "1765131d5be500f6904592495b9a6eb456c74800"

[[projects]]
  branch = "master"
  name = "github.com/golangci/go-misc"
  packages = ["deadcode"]
  revision = "927a3d87b613e9f6f0fb7ef8bb8de8b83c30a5a2"

[[projects]]
  branch = "master"
  name = "github.com/golangci/go-tools"
  packages = [
    "deprecated",
    "functions",
    "internal/sharedcheck",
    "lint",
    "lint/lintutil",
    "simple",
    "staticcheck",
    "staticcheck/vrp",
    "unused",
    "version"
  ]
  revision = "93eecd106a0b4f93401f91127a550709f819193d"

[[projects]]
  branch = "master"
  name = "github.com/golangci/goconst"
  packages = ["."]
  revision = "041c5f2b40f3dd334a4a6ee6a3f84ca3fc70680a"

[[projects]]
  branch = "master"
  name = "github.com/golangci/gocyclo"
  packages = ["pkg/gocyclo"]
  revision = "0a533e8fa43d6605069e94f455bf9d79d4b8ea8c"

[[projects]]
  branch = "master"
  name = "github.com/golangci/gofmt"
  packages = [
    "gofmt",
    "goimports"
  ]
  revision = "2076e05ced53480baa8ba14a05b80a415bec9377"

[[projects]]
  name = "github.com/golangci/golangci-lint"
  packages = [
    "cmd/golangci-lint",
    "pkg/commands",
    "pkg/config",
    "pkg/exitcodes",
    "pkg/fsutils",
    "pkg/golinters",
    "pkg/goutils",
    "pkg/lint",
    "pkg/lint/astcache",
    "pkg/lint/linter",
    "pkg/lint/lintersdb",
    "pkg/logutils",
    "pkg/packages",
    "pkg/printers",
    "pkg/report",
    "pkg/result",
    "pkg/result/processors",
    "pkg/timeutils"
  ]
  revision = "dbfcf633d5f7b6544efa07d36798600a6f786005"
  version = "v1.10.2"

[[projects]]
  branch = "master"
  name = "github.com/golangci/gosec"
  packages = [
    ".",
    "rules"
  ]
  revision = "8afd9cbb6cfb34a3b4d4d5711bafdc6640ae892f"

[[projects]]
  branch = "master"
  name = "github.com/golangci/govet"
  packages = [
    ".",
    "lib/cfg",
    "lib/whitelist"
  ]
  revision = "44ddbe260190d79165f4150b828650780405d801"

[[projects]]
  branch = "master"
  name = "github.com/golangci/ineffassign"
  packages = ["."]
  revision = "2ee8f2867dde308c46d401d6d30f6c644094b167"

[[projects]]
  branch = "master"
  name = "github.com/golangci/interfacer"
  packages = ["check"]
  revision = "01958817a6ec5bb4bb01d0b9a5f3fca30923ebbf"

[[projects]]
  branch = "master"
  name = "github.com/golangci/lint"
  packages = ["."]
  revision = "c2187e7932b5ee7899eaa2e83bcf00e251abd274"

[[projects]]
  branch = "master"
  name = "github.com/golangci/lint-1"
  packages = ["."]
  revision = "4bf9709227d15e5f14c84a381e315a4695c4a372"

[[projects]]
  branch = "master"
  name = "github.com/golangci/maligned"
  packages = ["."]
  revision = "b1d89398deca2fd3f8578e5a9551e819bd01ca5f"

[[projects]]
  name = "github.com/golangci/misspell"
  packages = ["."]
  revision = "b90dc15cfd220ecf8bbc9043ecb928cef381f011"
  version = "v0.3.4"

[[projects]]
  branch = "master"
  name = "github.com/golangci/prealloc"
  packages = ["."]
  revision = "215b22d4de21190b80ce05e7d8466677c1aa3223"

[[projects]]
  branch = "master"
  name = "github.com/golangci/revgrep"
  packages = ["."]
  revision = "276a5c0a103935ee65af49afc254a65335bf1fcf"

[[projects]]
  branch = "master"
  name = "github.com/golangci/tools"
  packages = [
    "go/callgraph",
    "go/callgraph/cha",
    "go/callgraph/rta",
    "go/callgraph/static",
    "go/ssa",
    "go/ssa/ssautil"
  ]
  revision = "01dd7756e01d993519ad7a8415ad8f2de8797be8"

[[projects]]
  branch = "master"
  name = "github.com/golangci/unconvert"
  packages = ["."]
  revision = "28b1c447d1f4a810737ee6ab40ea6c1d0ceae4ad"

[[projects]]
  branch = "master"
  name = "github.com/golangci/unparam"
  packages = ["check"]
  revision = "7ad9dbcccc1667190475751c43137253b310dc10"

[[projects]]
  name = "github.com/hashicorp/hcl"
  packages = [
    ".",
    "hcl/ast",
    "hcl/parser",
    "hcl/printer",
    "hcl/scanner",
    "hcl/strconv",
    "hcl/token",
    "json/parser",
    "json/scanner",
    "json/token"
  ]
  revision = "8cb6e5b959231cc1119e43259c4a608f9c51a241"
  version = "v1.0.0"

[[projects]]
  name = "github.com/inconshreveable/mousetrap"
  packages = ["."]
  revision = "76626ae9c91c4f2a10f34cad8ce83ea42c93bb75"
  version = "v1.0"

[[projects]]
  name = "github.com/kisielk/gotool"
  packages = [
    ".",
    "internal/load"
  ]
  revision = "80517062f582ea3340cd4baf70e86d539ae7d84d"
  version = "v1.0.0"

[[projects]]
  name = "github.com/konsorten/go-windows-terminal-sequences"
  packages = ["."]
  revision = "5c8c8bd35d3832f5d134ae1e1e375b69a4d25242"
  version = "v1.0.1"

[[projects]]
  name = "github.com/magiconair/properties"
  packages = ["."]
  revision = "c2353362d570a7bfa228149c62842019201cfb71"
  version = "v1.8.0"

[[projects]]
  name = "github.com/mattn/go-colorable"
  packages = ["."]
  revision = "167de6bfdfba052fa6b2d3664c8f5272e23c9072"
  version = "v0.0.9"

[[projects]]
  name = "github.com/mattn/go-isatty"
  packages = ["."]
  revision = "6ca4dbf54d38eea1a992b3c722a76a5d1c4cb25c"
  version = "v0.0.4"

[[projects]]
  name = "github.com/mitchellh/mapstructure"
  packages = ["."]
  revision = "3536a929edddb9a5b34bd6861dc4a9647cb459fe"
  version = "v1.1.2"

[[projects]]
  name = "github.com/nbutton23/zxcvbn-go"
  packages = [
    ".",
    "adjacency",
    "data",
    "entropy",
    "frequency",
    "match",
    "matching",
    "scoring",
    "utils/math"
  ]
  revision = "eafdab6b0663b4b528c35975c8b0e78be6e25261"
  version = "v0.1"

[[projects]]
  name = "github.com/pelletier/go-toml"
  packages = ["."]
  revision = "c01d1270ff3e442a8a57cddc1c92dc1138598194"
  version = "v1.2.0"

[[projects]]
  name = "github.com/pkg/errors"
  packages = ["."]
  revision = "645ef00459ed84a119197bfb8d8205042c6df63d"
  version = "v0.8.0"

[[projects]]
  name = "github.com/pmezard/go-difflib"
  packages = ["difflib"]
  revision = "792786c7400a136282c1664665ae0a8db921c6c2"
  version = "v1.0.0"

[[projects]]
  name = "github.com/sirupsen/logrus"
  packages = ["."]
  revision = "ad15b42461921f1fb3529b058c6786c6a45d5162"
  version = "v1.1.1"

[[projects]]
  name = "github.com/spf13/afero"
  packages = [
    ".",
    "mem"
  ]
  revision = "d40851caa0d747393da1ffb28f7f9d8b4eeffebd"
  version = "v1.1.2"

[[projects]]
  name = "github.com/spf13/cast"
  packages = ["."]
  revision = "8965335b8c7107321228e3e3702cab9832751bac"
  version = "v1.2.0"

[[projects]]
  name = "github.com/spf13/cobra"
  packages = ["."]
  revision = "ef82de70bb3f60c65fb8eebacbb2d122ef517385"
  version = "v0.0.3"

[[projects]]
  name = "github.com/spf13/jwalterweatherman"
  packages = ["."]
  revision = "4a4406e478ca629068e7768fc33f3f044173c0a6"
  version = "v1.0.0"

[[projects]]
  name = "github.com/spf13/pflag"
  packages = ["."]
  revision = "298182f68c66c05229eb03ac171abe6e309ee79a"
  version = "v1.0.3"

[[projects]]
  name = "github.com/spf13/viper"
  packages = ["."]
  revision = "2c12c60302a5a0e62ee102ca9bc996277c2f64f5"
  version = "v1.2.1"

[[projects]]
  name = "github.com/stretchr/testify"
  packages = [
    "assert",
    "require"
  ]
  revision = "f35b8ab0b5a2cef36673838d662e249dd9c94686"
  version = "v1.2.2"

[[projects]]
  branch = "master"
  name = "golang.org/x/crypto"
  packages = ["ssh/terminal"]
  revision = "0c41d7ab0a0ee717d4590a44bcb987dfd9e183eb"

[[projects]]
  branch = "master"
  name = "golang.org/x/net"
  packages = [
    "context",
    "context/ctxhttp"
  ]
  revision = "49bb7cea24b1df9410e1712aa6433dae904ff66a"

[[projects]]
  branch = "master"
  name = "golang.org/x/oauth2"
  packages = [
    ".",
    "internal"
  ]
  revision = "9dcd33a902f40452422c2367fefcb95b54f9f8f8"

[[projects]]
  branch = "master"
  name = "golang.org/x/sys"
  packages = [
    "unix",
    "windows"
  ]
  revision = "5cd93ef61a7c8f0f858690154eb6de2e69415fa1"

[[projects]]
  name = "golang.org/x/text"
  packages = [
    "internal/gen",
    "internal/triegen",
    "internal/ucd",
    "transform",
    "unicode/cldr",
    "unicode/norm",
    "width"
  ]
  revision = "f21a4dfb5e38f5895301dc265a8def02365cc3d0"
  version = "v0.3.0"

[[projects]]
  branch = "master"
  name = "golang.org/x/tools"
  packages = [
    "go/ast/astutil",
    "go/buildutil",
    "go/gcexportdata",
    "go/internal/cgo",
    "go/internal/gcimporter",
    "go/loader",
    "go/packages",
    "go/types/typeutil",
    "imports",
    "internal/fastwalk",
    "internal/gopathwalk"
  ]
  revision = "5e66757b835f155f7e50931f54c9f6af8af86f75"

[[projects]]
  name = "google.golang.org/appengine"
  packages = [
    "internal",
    "internal/base",
    "internal/datastore",
    "internal/log",
    "internal/remote_api",
    "internal/urlfetch",
    "urlfetch"
  ]
  revision = "ae0ab99deb4dc413a2b4bd6c8bdd0eb67f1e4d06"
  version = "v1.2.0"

[[projects]]
  name = "gopkg.in/yaml.v2"
  packages = ["."]
  revision = "5420a8b6744d3b0345ab293f6fcba19c978f1183"
  version = "v2.2.1"

[[projects]]
  branch = "master"
  name = "sourcegraph.com/sourcegraph/go-diff"
  packages = ["diff"]
  revision = "119ab63a9fb25c4f02d0bc8088c61bac0f449f7d"

[[projects]]
  name = "sourcegraph.com/sqs/pbtypes"
  packages = ["."]
  revision = "688c2c2cb411327a50aae0f89119af9f38b0fc03"
  version = "v1.0.0"

[solve-meta]
  analyzer-name = "dep"
  analyzer-version = 1
  inputs-digest = "a217eda445e3a46dda9407096ae1959112d8ffc856e3dc0924ad1de0fa6277a9"
  solver-name = "gps-cdcl"
  solver-version = 1
